
Microsoft Visual Studio Solution File, Format Version 12.00
# Visual Studio Version 17
VisualStudioVersion = 17.5.33516.290
MinimumVisualStudioVersion = 10.0.40219.1
Project("{888888A0-9F3D-457C-B088-3A5042F75D52}") = "2laba", "2laba\2laba.pyproj", "{BF882113-ADA5-46C5-BE25-E0FDEE29EFBD}"
EndProject
Global
	GlobalSection(SolutionConfigurationPlatforms) = preSolution
		Debug|Any CPU = Debug|Any CPU
		Release|Any CPU = Release|Any CPU
	EndGlobalSection
	GlobalSection(ProjectConfigurationPlatforms) = postSolution
		{BF882113-ADA5-46C5-BE25-E0FDEE29EFBD}.Debug|Any CPU.ActiveCfg = Debug|Any CPU
		{BF882113-ADA5-46C5-BE25-E0FDEE29EFBD}.Release|Any CPU.ActiveCfg = Release|Any CPU
	EndGlobalSection
	GlobalSection(SolutionProperties) = preSolution
		HideSolutionNode = FALSE
	EndGlobalSection
	GlobalSection(ExtensibilityGlobals) = postSolution
		SolutionGuid = {FE3FBEF4-6E1B-47A2-9B5C-684CDEE32FDB}
	EndGlobalSection
EndGlobal
